
Microsoft Visual Studio Solution File, Format Version 12.00
# Visual Studio 15
VisualStudioVersion = 15.0.28307.705
MinimumVisualStudioVersion = 10.0.40219.1
Project("{FAE04EC0-301F-11D3-BF4B-00C04F79EFBC}") = "Organizer.Android", "Organizer\Organizer.Android\Organizer.Android.csproj", "{D1A1B3B1-6714-484C-BC5A-943C404DFE6F}"
EndProject
Project("{FAE04EC0-301F-11D3-BF4B-00C04F79EFBC}") = "Organizer.iOS", "Organizer\Organizer.iOS\Organizer.iOS.csproj", "{B110D4AB-FCE7-48C0-8A21-6F4BFBC20612}"
EndProject
Project("{FAE04EC0-301F-11D3-BF4B-00C04F79EFBC}") = "Organizer.UWP", "Organizer\Organizer.UWP\Organizer.UWP.csproj", "{75AB4298-563C-4D2A-8B41-3285022B08AE}"
EndProject
Project("{FAE04EC0-301F-11D3-BF4B-00C04F79EFBC}") = "Organizer", "Organizer\Organizer\Organizer.csproj", "{FC659F05-B80F-4AB5-ACF6-73D95B864FA6}"
EndProject
Global
	GlobalSection(SolutionConfigurationPlatforms) = preSolution
		Ad-Hoc|Any CPU = Ad-Hoc|Any CPU
		Ad-Hoc|ARM = Ad-Hoc|ARM
		Ad-Hoc|iPhone = Ad-Hoc|iPhone
		Ad-Hoc|iPhoneSimulator = Ad-Hoc|iPhoneSimulator
		Ad-Hoc|x64 = Ad-Hoc|x64
		Ad-Hoc|x86 = Ad-Hoc|x86
		AppStore|Any CPU = AppStore|Any CPU
		AppStore|ARM = AppStore|ARM
		AppStore|iPhone = AppStore|iPhone
		AppStore|iPhoneSimulator = AppStore|iPhoneSimulator
		AppStore|x64 = AppStore|x64
		AppStore|x86 = AppStore|x86
		Debug|Any CPU = Debug|Any CPU
		Debug|ARM = Debug|ARM
		Debug|iPhone = Debug|iPhone
		Debug|iPhoneSimulator = Debug|iPhoneSimulator
		Debug|x64 = Debug|x64
		Debug|x86 = Debug|x86
		Release|Any CPU = Release|Any CPU
		Release|ARM = Release|ARM
		Release|iPhone = Release|iPhone
		Release|iPhoneSimulator = Release|iPhoneSimulator
		Release|x64 = Release|x64
		Release|x86 = Release|x86
	EndGlobalSection
	GlobalSection(ProjectConfigurationPlatforms) = postSolution
		{D1A1B3B1-6714-484C-BC5A-943C404DFE6F}.Ad-Hoc|Any CPU.ActiveCfg = Release|Any CPU
		{D1A1B3B1-6714-484C-BC5A-943C404DFE6F}.Ad-Hoc|Any CPU.Build.0 = Release|Any CPU
		{D1A1B3B1-6714-484C-BC5A-943C404DFE6F}.Ad-Hoc|Any CPU.Deploy.0 = Release|Any CPU
		{D1A1B3B1-6714-484C-BC5A-943C404DFE6F}.Ad-Hoc|ARM.ActiveCfg = Release|Any CPU
		{D1A1B3B1-6714-484C-BC5A-943C404DFE6F}.Ad-Hoc|ARM.Build.0 = Release|Any CPU
		{D1A1B3B1-6714-484C-BC5A-943C404DFE6F}.Ad-Hoc|ARM.Deploy.0 = Release|Any CPU
		{D1A1B3B1-6714-484C-BC5A-943C404DFE6F}.Ad-Hoc|iPhone.ActiveCfg = Release|Any CPU
		{D1A1B3B1-6714-484C-BC5A-943C404DFE6F}.Ad-Hoc|iPhone.Build.0 = Release|Any CPU
		{D1A1B3B1-6714-484C-BC5A-943C404DFE6F}.Ad-Hoc|iPhone.Deploy.0 = Release|Any CPU
		{D1A1B3B1-6714-484C-BC5A-943C404DFE6F}.Ad-Hoc|iPhoneSimulator.ActiveCfg = Release|Any CPU
		{D1A1B3B1-6714-484C-BC5A-943C404DFE6F}.Ad-Hoc|iPhoneSimulator.Build.0 = Release|Any CPU
		{D1A1B3B1-6714-484C-BC5A-943C404DFE6F}.Ad-Hoc|iPhoneSimulator.Deploy.0 = Release|Any CPU
		{D1A1B3B1-6714-484C-BC5A-943C404DFE6F}.Ad-Hoc|x64.ActiveCfg = Release|Any CPU
		{D1A1B3B1-6714-484C-BC5A-943C404DFE6F}.Ad-Hoc|x64.Build.0 = Release|Any CPU
		{D1A1B3B1-6714-484C-BC5A-943C404DFE6F}.Ad-Hoc|x64.Deploy.0 = Release|Any CPU
		{D1A1B3B1-6714-484C-BC5A-943C404DFE6F}.Ad-Hoc|x86.ActiveCfg = Release|Any CPU
		{D1A1B3B1-6714-484C-BC5A-943C404DFE6F}.Ad-Hoc|x86.Build.0 = Release|Any CPU
		{D1A1B3B1-6714-484C-BC5A-943C404DFE6F}.Ad-Hoc|x86.Deploy.0 = Release|Any CPU
		{D1A1B3B1-6714-484C-BC5A-943C404DFE6F}.AppStore|Any CPU.ActiveCfg = Release|Any CPU
		{D1A1B3B1-6714-484C-BC5A-943C404DFE6F}.AppStore|Any CPU.Build.0 = Release|Any CPU
		{D1A1B3B1-6714-484C-BC5A-943C404DFE6F}.AppStore|Any CPU.Deploy.0 = Release|Any CPU
		{D1A1B3B1-6714-484C-BC5A-943C404DFE6F}.AppStore|ARM.ActiveCfg = Release|Any CPU
		{D1A1B3B1-6714-484C-BC5A-943C404DFE6F}.AppStore|ARM.Build.0 = Release|Any CPU
		{D1A1B3B1-6714-484C-BC5A-943C404DFE6F}.AppStore|ARM.Deploy.0 = Release|Any CPU
		{D1A1B3B1-6714-484C-BC5A-943C404DFE6F}.AppStore|iPhone.ActiveCfg = Release|Any CPU
		{D1A1B3B1-6714-484C-BC5A-943C404DFE6F}.AppStore|iPhone.Build.0 = Release|Any CPU
		{D1A1B3B1-6714-484C-BC5A-943C404DFE6F}.AppStore|iPhone.Deploy.0 = Release|Any CPU
		{D1A1B3B1-6714-484C-BC5A-943C404DFE6F}.AppStore|iPhoneSimulator.ActiveCfg = Release|Any CPU
		{D1A1B3B1-6714-484C-BC5A-943C404DFE6F}.AppStore|iPhoneSimulator.Build.0 = Release|Any CPU
		{D1A1B3B1-6714-484C-BC5A-943C404DFE6F}.AppStore|iPhoneSimulator.Deploy.0 = Release|Any CPU
		{D1A1B3B1-6714-484C-BC5A-943C404DFE6F}.AppStore|x64.ActiveCfg = Release|Any CPU
		{D1A1B3B1-6714-484C-BC5A-943C404DFE6F}.AppStore|x64.Build.0 = Release|Any CPU
		{D1A1B3B1-6714-484C-BC5A-943C404DFE6F}.AppStore|x64.Deploy.0 = Release|Any CPU
		{D1A1B3B1-6714-484C-BC5A-943C404DFE6F}.AppStore|x86.ActiveCfg = Release|Any CPU
		{D1A1B3B1-6714-484C-BC5A-943C404DFE6F}.AppStore|x86.Build.0 = Release|Any CPU
		{D1A1B3B1-6714-484C-BC5A-943C404DFE6F}.AppStore|x86.Deploy.0 = Release|Any CPU
		{D1A1B3B1-6714-484C-BC5A-943C404DFE6F}.Debug|Any CPU.ActiveCfg = Debug|Any CPU
		{D1A1B3B1-6714-484C-BC5A-943C404DFE6F}.Debug|Any CPU.Build.0 = Debug|Any CPU
		{D1A1B3B1-6714-484C-BC5A-943C404DFE6F}.Debug|Any CPU.Deploy.0 = Debug|Any CPU
		{D1A1B3B1-6714-484C-BC5A-943C404DFE6F}.Debug|ARM.ActiveCfg = Debug|Any CPU
		{D1A1B3B1-6714-484C-BC5A-943C404DFE6F}.Debug|ARM.Build.0 = Debug|Any CPU
		{D1A1B3B1-6714-484C-BC5A-943C404DFE6F}.Debug|ARM.Deploy.0 = Debug|Any CPU
		{D1A1B3B1-6714-484C-BC5A-943C404DFE6F}.Debug|iPhone.ActiveCfg = Debug|Any CPU
		{D1A1B3B1-6714-484C-BC5A-943C404DFE6F}.Debug|iPhone.Build.0 = Debug|Any CPU
		{D1A1B3B1-6714-484C-BC5A-943C404DFE6F}.Debug|iPhone.Deploy.0 = Debug|Any CPU
		{D1A1B3B1-6714-484C-BC5A-943C404DFE6F}.Debug|iPhoneSimulator.ActiveCfg = Debug|Any CPU
		{D1A1B3B1-6714-484C-BC5A-943C404DFE6F}.Debug|iPhoneSimulator.Build.0 = Debug|Any CPU
		{D1A1B3B1-6714-484C-BC5A-943C404DFE6F}.Debug|iPhoneSimulator.Deploy.0 = Debug|Any CPU
		{D1A1B3B1-6714-484C-BC5A-943C404DFE6F}.Debug|x64.ActiveCfg = Debug|Any CPU
		{D1A1B3B1-6714-484C-BC5A-943C404DFE6F}.Debug|x64.Build.0 = Debug|Any CPU
		{D1A1B3B1-6714-484C-BC5A-943C404DFE6F}.Debug|x64.Deploy.0 = Debug|Any CPU
		{D1A1B3B1-6714-484C-BC5A-943C404DFE6F}.Debug|x86.ActiveCfg = Debug|Any CPU
		{D1A1B3B1-6714-484C-BC5A-943C404DFE6F}.Debug|x86.Build.0 = Debug|Any CPU
		{D1A1B3B1-6714-484C-BC5A-943C404DFE6F}.Debug|x86.Deploy.0 = Debug|Any CPU
		{D1A1B3B1-6714-484C-BC5A-943C404DFE6F}.Release|Any CPU.ActiveCfg = Release|Any CPU
		{D1A1B3B1-6714-484C-BC5A-943C404DFE6F}.Release|Any CPU.Build.0 = Release|Any CPU
		{D1A1B3B1-6714-484C-BC5A-943C404DFE6F}.Release|Any CPU.Deploy.0 = Release|Any CPU
		{D1A1B3B1-6714-484C-BC5A-943C404DFE6F}.Release|ARM.ActiveCfg = Release|Any CPU
		{D1A1B3B1-6714-484C-BC5A-943C404DFE6F}.Release|ARM.Build.0 = Release|Any CPU
		{D1A1B3B1-6714-484C-BC5A-943C404DFE6F}.Release|ARM.Deploy.0 = Release|Any CPU
		{D1A1B3B1-6714-484C-BC5A-943C404DFE6F}.Release|iPhone.ActiveCfg = Release|Any CPU
		{D1A1B3B1-6714-484C-BC5A-943C404DFE6F}.Release|iPhone.Build.0 = Release|Any CPU
		{D1A1B3B1-6714-484C-BC5A-943C404DFE6F}.Release|iPhone.Deploy.0 = Release|Any CPU
		{D1A1B3B1-6714-484C-BC5A-943C404DFE6F}.Release|iPhoneSimulator.ActiveCfg = Release|Any CPU
		{D1A1B3B1-6714-484C-BC5A-943C404DFE6F}.Release|iPhoneSimulator.Build.0 = Release|Any CPU
		{D1A1B3B1-6714-484C-BC5A-943C404DFE6F}.Release|iPhoneSimulator.Deploy.0 = Release|Any CPU
		{D1A1B3B1-6714-484C-BC5A-943C404DFE6F}.Release|x64.ActiveCfg = Release|Any CPU
		{D1A1B3B1-6714-484C-BC5A-943C404DFE6F}.Release|x64.Build.0 = Release|Any CPU
		{D1A1B3B1-6714-484C-BC5A-943C404DFE6F}.Release|x64.Deploy.0 = Release|Any CPU
		{D1A1B3B1-6714-484C-BC5A-943C404DFE6F}.Release|x86.ActiveCfg = Release|Any CPU
		{D1A1B3B1-6714-484C-BC5A-943C404DFE6F}.Release|x86.Build.0 = Release|Any CPU
		{D1A1B3B1-6714-484C-BC5A-943C404DFE6F}.Release|x86.Deploy.0 = Release|Any CPU
		{B110D4AB-FCE7-48C0-8A21-6F4BFBC20612}.Ad-Hoc|Any CPU.ActiveCfg = Ad-Hoc|iPhone
		{B110D4AB-FCE7-48C0-8A21-6F4BFBC20612}.Ad-Hoc|Any CPU.Build.0 = Ad-Hoc|iPhone
		{B110D4AB-FCE7-48C0-8A21-6F4BFBC20612}.Ad-Hoc|Any CPU.Deploy.0 = Ad-Hoc|iPhone
		{B110D4AB-FCE7-48C0-8A21-6F4BFBC20612}.Ad-Hoc|ARM.ActiveCfg = Ad-Hoc|iPhone
		{B110D4AB-FCE7-48C0-8A21-6F4BFBC20612}.Ad-Hoc|ARM.Build.0 = Ad-Hoc|iPhone
		{B110D4AB-FCE7-48C0-8A21-6F4BFBC20612}.Ad-Hoc|ARM.Deploy.0 = Ad-Hoc|iPhone
		{B110D4AB-FCE7-48C0-8A21-6F4BFBC20612}.Ad-Hoc|iPhone.ActiveCfg = Ad-Hoc|iPhone
		{B110D4AB-FCE7-48C0-8A21-6F4BFBC20612}.Ad-Hoc|iPhone.Build.0 = Ad-Hoc|iPhone
		{B110D4AB-FCE7-48C0-8A21-6F4BFBC20612}.Ad-Hoc|iPhone.Deploy.0 = Ad-Hoc|iPhone
		{B110D4AB-FCE7-48C0-8A21-6F4BFBC20612}.Ad-Hoc|iPhoneSimulator.ActiveCfg = Ad-Hoc|iPhoneSimulator
		{B110D4AB-FCE7-48C0-8A21-6F4BFBC20612}.Ad-Hoc|iPhoneSimulator.Build.0 = Ad-Hoc|iPhoneSimulator
		{B110D4AB-FCE7-48C0-8A21-6F4BFBC20612}.Ad-Hoc|iPhoneSimulator.Deploy.0 = Ad-Hoc|iPhoneSimulator
		{B110D4AB-FCE7-48C0-8A21-6F4BFBC20612}.Ad-Hoc|x64.ActiveCfg = Ad-Hoc|iPhone
		{B110D4AB-FCE7-48C0-8A21-6F4BFBC20612}.Ad-Hoc|x64.Build.0 = Ad-Hoc|iPhone
		{B110D4AB-FCE7-48C0-8A21-6F4BFBC20612}.Ad-Hoc|x64.Deploy.0 = Ad-Hoc|iPhone
		{B110D4AB-FCE7-48C0-8A21-6F4BFBC20612}.Ad-Hoc|x86.ActiveCfg = Ad-Hoc|iPhone
		{B110D4AB-FCE7-48C0-8A21-6F4BFBC20612}.Ad-Hoc|x86.Build.0 = Ad-Hoc|iPhone
		{B110D4AB-FCE7-48C0-8A21-6F4BFBC20612}.Ad-Hoc|x86.Deploy.0 = Ad-Hoc|iPhone
		{B110D4AB-FCE7-48C0-8A21-6F4BFBC20612}.AppStore|Any CPU.ActiveCfg = AppStore|iPhone
		{B110D4AB-FCE7-48C0-8A21-6F4BFBC20612}.AppStore|Any CPU.Build.0 = AppStore|iPhone
		{B110D4AB-FCE7-48C0-8A21-6F4BFBC20612}.AppStore|Any CPU.Deploy.0 = AppStore|iPhone
		{B110D4AB-FCE7-48C0-8A21-6F4BFBC20612}.AppStore|ARM.ActiveCfg = AppStore|iPhone
		{B110D4AB-FCE7-48C0-8A21-6F4BFBC20612}.AppStore|ARM.Build.0 = AppStore|iPhone
		{B110D4AB-FCE7-48C0-8A21-6F4BFBC20612}.AppStore|ARM.Deploy.0 = AppStore|iPhone
		{B110D4AB-FCE7-48C0-8A21-6F4BFBC20612}.AppStore|iPhone.ActiveCfg = AppStore|iPhone
		{B110D4AB-FCE7-48C0-8A21-6F4BFBC20612}.AppStore|iPhone.Build.0 = AppStore|iPhone
		{B110D4AB-FCE7-48C0-8A21-6F4BFBC20612}.AppStore|iPhone.Deploy.0 = AppStore|iPhone
		{B110D4AB-FCE7-48C0-8A21-6F4BFBC20612}.AppStore|iPhoneSimulator.ActiveCfg = AppStore|iPhoneSimulator
		{B110D4AB-FCE7-48C0-8A21-6F4BFBC20612}.AppStore|iPhoneSimulator.Build.0 = AppStore|iPhoneSimulator
		{B110D4AB-FCE7-48C0-8A21-6F4BFBC20612}.AppStore|iPhoneSimulator.Deploy.0 = AppStore|iPhoneSimulator
		{B110D4AB-FCE7-48C0-8A21-6F4BFBC20612}.AppStore|x64.ActiveCfg = AppStore|iPhone
		{B110D4AB-FCE7-48C0-8A21-6F4BFBC20612}.AppStore|x64.Build.0 = AppStore|iPhone
		{B110D4AB-FCE7-48C0-8A21-6F4BFBC20612}.AppStore|x64.Deploy.0 = AppStore|iPhone
		{B110D4AB-FCE7-48C0-8A21-6F4BFBC20612}.AppStore|x86.ActiveCfg = AppStore|iPhone
		{B110D4AB-FCE7-48C0-8A21-6F4BFBC20612}.AppStore|x86.Build.0 = AppStore|iPhone
		{B110D4AB-FCE7-48C0-8A21-6F4BFBC20612}.AppStore|x86.Deploy.0 = AppStore|iPhone
		{B110D4AB-FCE7-48C0-8A21-6F4BFBC20612}.Debug|Any CPU.ActiveCfg = Debug|iPhoneSimulator
		{B110D4AB-FCE7-48C0-8A21-6F4BFBC20612}.Debug|Any CPU.Build.0 = Debug|iPhoneSimulator
		{B110D4AB-FCE7-48C0-8A21-6F4BFBC20612}.Debug|Any CPU.Deploy.0 = Debug|iPhoneSimulator
		{B110D4AB-FCE7-48C0-8A21-6F4BFBC20612}.Debug|ARM.ActiveCfg = Debug|iPhone
		{B110D4AB-FCE7-48C0-8A21-6F4BFBC20612}.Debug|ARM.Build.0 = Debug|iPhone
		{B110D4AB-FCE7-48C0-8A21-6F4BFBC20612}.Debug|ARM.Deploy.0 = Debug|iPhone
		{B110D4AB-FCE7-48C0-8A21-6F4BFBC20612}.Debug|iPhone.ActiveCfg = Debug|iPhone
		{B110D4AB-FCE7-48C0-8A21-6F4BFBC20612}.Debug|iPhone.Build.0 = Debug|iPhone
		{B110D4AB-FCE7-48C0-8A21-6F4BFBC20612}.Debug|iPhone.Deploy.0 = Debug|iPhone
		{B110D4AB-FCE7-48C0-8A21-6F4BFBC20612}.Debug|iPhoneSimulator.ActiveCfg = Debug|iPhoneSimulator
		{B110D4AB-FCE7-48C0-8A21-6F4BFBC20612}.Debug|iPhoneSimulator.Build.0 = Debug|iPhoneSimulator
		{B110D4AB-FCE7-48C0-8A21-6F4BFBC20612}.Debug|iPhoneSimulator.Deploy.0 = Debug|iPhoneSimulator
		{B110D4AB-FCE7-48C0-8A21-6F4BFBC20612}.Debug|x64.ActiveCfg = Debug|iPhone
		{B110D4AB-FCE7-48C0-8A21-6F4BFBC20612}.Debug|x64.Build.0 = Debug|iPhone
		{B110D4AB-FCE7-48C0-8A21-6F4BFBC20612}.Debug|x64.Deploy.0 = Debug|iPhone
		{B110D4AB-FCE7-48C0-8A21-6F4BFBC20612}.Debug|x86.ActiveCfg = Debug|iPhone
		{B110D4AB-FCE7-48C0-8A21-6F4BFBC20612}.Debug|x86.Build.0 = Debug|iPhone
		{B110D4AB-FCE7-48C0-8A21-6F4BFBC20612}.Debug|x86.Deploy.0 = Debug|iPhone
		{B110D4AB-FCE7-48C0-8A21-6F4BFBC20612}.Release|Any CPU.ActiveCfg = Release|iPhone
		{B110D4AB-FCE7-48C0-8A21-6F4BFBC20612}.Release|Any CPU.Build.0 = Release|iPhone
		{B110D4AB-FCE7-48C0-8A21-6F4BFBC20612}.Release|Any CPU.Deploy.0 = Release|iPhone
		{B110D4AB-FCE7-48C0-8A21-6F4BFBC20612}.Release|ARM.ActiveCfg = Release|iPhone
		{B110D4AB-FCE7-48C0-8A21-6F4BFBC20612}.Release|ARM.Build.0 = Release|iPhone
		{B110D4AB-FCE7-48C0-8A21-6F4BFBC20612}.Release|ARM.Deploy.0 = Release|iPhone
		{B110D4AB-FCE7-48C0-8A21-6F4BFBC20612}.Release|iPhone.ActiveCfg = Release|iPhone
		{B110D4AB-FCE7-48C0-8A21-6F4BFBC20612}.Release|iPhone.Build.0 = Release|iPhone
		{B110D4AB-FCE7-48C0-8A21-6F4BFBC20612}.Release|iPhone.Deploy.0 = Release|iPhone
		{B110D4AB-FCE7-48C0-8A21-6F4BFBC20612}.Release|iPhoneSimulator.ActiveCfg = Release|iPhoneSimulator
		{B110D4AB-FCE7-48C0-8A21-6F4BFBC20612}.Release|iPhoneSimulator.Build.0 = Release|iPhoneSimulator
		{B110D4AB-FCE7-48C0-8A21-6F4BFBC20612}.Release|iPhoneSimulator.Deploy.0 = Release|iPhoneSimulator
		{B110D4AB-FCE7-48C0-8A21-6F4BFBC20612}.Release|x64.ActiveCfg = Release|iPhone
		{B110D4AB-FCE7-48C0-8A21-6F4BFBC20612}.Release|x64.Build.0 = Release|iPhone
		{B110D4AB-FCE7-48C0-8A21-6F4BFBC20612}.Release|x64.Deploy.0 = Release|iPhone
		{B110D4AB-FCE7-48C0-8A21-6F4BFBC20612}.Release|x86.ActiveCfg = Release|iPhone
		{B110D4AB-FCE7-48C0-8A21-6F4BFBC20612}.Release|x86.Build.0 = Release|iPhone
		{B110D4AB-FCE7-48C0-8A21-6F4BFBC20612}.Release|x86.Deploy.0 = Release|iPhone
		{75AB4298-563C-4D2A-8B41-3285022B08AE}.Ad-Hoc|Any CPU.ActiveCfg = Release|x86
		{75AB4298-563C-4D2A-8B41-3285022B08AE}.Ad-Hoc|Any CPU.Build.0 = Release|x86
		{75AB4298-563C-4D2A-8B41-3285022B08AE}.Ad-Hoc|Any CPU.Deploy.0 = Release|x86
		{75AB4298-563C-4D2A-8B41-3285022B08AE}.Ad-Hoc|ARM.ActiveCfg = Release|ARM
		{75AB4298-563C-4D2A-8B41-3285022B08AE}.Ad-Hoc|ARM.Build.0 = Release|ARM
		{75AB4298-563C-4D2A-8B41-3285022B08AE}.Ad-Hoc|ARM.Deploy.0 = Release|ARM
		{75AB4298-563C-4D2A-8B41-3285022B08AE}.Ad-Hoc|iPhone.ActiveCfg = Release|x86
		{75AB4298-563C-4D2A-8B41-3285022B08AE}.Ad-Hoc|iPhone.Build.0 = Release|x86
		{75AB4298-563C-4D2A-8B41-3285022B08AE}.Ad-Hoc|iPhone.Deploy.0 = Release|x86
		{75AB4298-563C-4D2A-8B41-3285022B08AE}.Ad-Hoc|iPhoneSimulator.ActiveCfg = Release|x86
		{75AB4298-563C-4D2A-8B41-3285022B08AE}.Ad-Hoc|iPhoneSimulator.Build.0 = Release|x86
		{75AB4298-563C-4D2A-8B41-3285022B08AE}.Ad-Hoc|iPhoneSimulator.Deploy.0 = Release|x86
		{75AB4298-563C-4D2A-8B41-3285022B08AE}.Ad-Hoc|x64.ActiveCfg = Release|x64
		{75AB4298-563C-4D2A-8B41-3285022B08AE}.Ad-Hoc|x64.Build.0 = Release|x64
		{75AB4298-563C-4D2A-8B41-3285022B08AE}.Ad-Hoc|x64.Deploy.0 = Release|x64
		{75AB4298-563C-4D2A-8B41-3285022B08AE}.Ad-Hoc|x86.ActiveCfg = Release|x86
		{75AB4298-563C-4D2A-8B41-3285022B08AE}.Ad-Hoc|x86.Build.0 = Release|x86
		{75AB4298-563C-4D2A-8B41-3285022B08AE}.Ad-Hoc|x86.Deploy.0 = Release|x86
		{75AB4298-563C-4D2A-8B41-3285022B08AE}.AppStore|Any CPU.ActiveCfg = Release|x86
		{75AB4298-563C-4D2A-8B41-3285022B08AE}.AppStore|Any CPU.Build.0 = Release|x86
		{75AB4298-563C-4D2A-8B41-3285022B08AE}.AppStore|Any CPU.Deploy.0 = Release|x86
		{75AB4298-563C-4D2A-8B41-3285022B08AE}.AppStore|ARM.ActiveCfg = Release|ARM
		{75AB4298-563C-4D2A-8B41-3285022B08AE}.AppStore|ARM.Build.0 = Release|ARM
		{75AB4298-563C-4D2A-8B41-3285022B08AE}.AppStore|ARM.Deploy.0 = Release|ARM
		{75AB4298-563C-4D2A-8B41-3285022B08AE}.AppStore|iPhone.ActiveCfg = Release|x86
		{75AB4298-563C-4D2A-8B41-3285022B08AE}.AppStore|iPhone.Build.0 = Release|x86
		{75AB4298-563C-4D2A-8B41-3285022B08AE}.AppStore|iPhone.Deploy.0 = Release|x86
		{75AB4298-563C-4D2A-8B41-3285022B08AE}.AppStore|iPhoneSimulator.ActiveCfg = Release|x86
		{75AB4298-563C-4D2A-8B41-3285022B08AE}.AppStore|iPhoneSimulator.Build.0 = Release|x86
		{75AB4298-563C-4D2A-8B41-3285022B08AE}.AppStore|iPhoneSimulator.Deploy.0 = Release|x86
		{75AB4298-563C-4D2A-8B41-3285022B08AE}.AppStore|x64.ActiveCfg = Release|x64
		{75AB4298-563C-4D2A-8B41-3285022B08AE}.AppStore|x64.Build.0 = Release|x64
		{75AB4298-563C-4D2A-8B41-3285022B08AE}.AppStore|x64.Deploy.0 = Release|x64
		{75AB4298-563C-4D2A-8B41-3285022B08AE}.AppStore|x86.ActiveCfg = Release|x86
		{75AB4298-563C-4D2A-8B41-3285022B08AE}.AppStore|x86.Build.0 = Release|x86
		{75AB4298-563C-4D2A-8B41-3285022B08AE}.AppStore|x86.Deploy.0 = Release|x86
		{75AB4298-563C-4D2A-8B41-3285022B08AE}.Debug|Any CPU.ActiveCfg = Debug|x86
		{75AB4298-563C-4D2A-8B41-3285022B08AE}.Debug|Any CPU.Build.0 = Debug|x86
		{75AB4298-563C-4D2A-8B41-3285022B08AE}.Debug|Any CPU.Deploy.0 = Debug|x86
		{75AB4298-563C-4D2A-8B41-3285022B08AE}.Debug|ARM.ActiveCfg = Debug|ARM
		{75AB4298-563C-4D2A-8B41-3285022B08AE}.Debug|ARM.Build.0 = Debug|ARM
		{75AB4298-563C-4D2A-8B41-3285022B08AE}.Debug|ARM.Deploy.0 = Debug|ARM
		{75AB4298-563C-4D2A-8B41-3285022B08AE}.Debug|iPhone.ActiveCfg = Debug|x86
		{75AB4298-563C-4D2A-8B41-3285022B08AE}.Debug|iPhone.Build.0 = Debug|x86
		{75AB4298-563C-4D2A-8B41-3285022B08AE}.Debug|iPhone.Deploy.0 = Debug|x86
		{75AB4298-563C-4D2A-8B41-3285022B08AE}.Debug|iPhoneSimulator.ActiveCfg = Debug|x86
		{75AB4298-563C-4D2A-8B41-3285022B08AE}.Debug|iPhoneSimulator.Build.0 = Debug|x86
		{75AB4298-563C-4D2A-8B41-3285022B08AE}.Debug|iPhoneSimulator.Deploy.0 = Debug|x86
		{75AB4298-563C-4D2A-8B41-3285022B08AE}.Debug|x64.ActiveCfg = Debug|x64
		{75AB4298-563C-4D2A-8B41-3285022B08AE}.Debug|x64.Build.0 = Debug|x64
		{75AB4298-563C-4D2A-8B41-3285022B08AE}.Debug|x64.Deploy.0 = Debug|x64
		{75AB4298-563C-4D2A-8B41-3285022B08AE}.Debug|x86.ActiveCfg = Debug|x86
		{75AB4298-563C-4D2A-8B41-3285022B08AE}.Debug|x86.Build.0 = Debug|x86
		{75AB4298-563C-4D2A-8B41-3285022B08AE}.Debug|x86.Deploy.0 = Debug|x86
		{75AB4298-563C-4D2A-8B41-3285022B08AE}.Release|Any CPU.ActiveCfg = Release|x86
		{75AB4298-563C-4D2A-8B41-3285022B08AE}.Release|Any CPU.Build.0 = Release|x86
		{75AB4298-563C-4D2A-8B41-3285022B08AE}.Release|Any CPU.Deploy.0 = Release|x86
		{75AB4298-563C-4D2A-8B41-3285022B08AE}.Release|ARM.ActiveCfg = Release|ARM
		{75AB4298-563C-4D2A-8B41-3285022B08AE}.Release|ARM.Build.0 = Release|ARM
		{75AB4298-563C-4D2A-8B41-3285022B08AE}.Release|ARM.Deploy.0 = Release|ARM
		{75AB4298-563C-4D2A-8B41-3285022B08AE}.Release|iPhone.ActiveCfg = Release|x86
		{75AB4298-563C-4D2A-8B41-3285022B08AE}.Release|iPhone.Build.0 = Release|x86
		{75AB4298-563C-4D2A-8B41-3285022B08AE}.Release|iPhone.Deploy.0 = Release|x86
		{75AB4298-563C-4D2A-8B41-3285022B08AE}.Release|iPhoneSimulator.ActiveCfg = Release|x86
		{75AB4298-563C-4D2A-8B41-3285022B08AE}.Release|iPhoneSimulator.Build.0 = Release|x86
		{75AB4298-563C-4D2A-8B41-3285022B08AE}.Release|iPhoneSimulator.Deploy.0 = Release|x86
		{75AB4298-563C-4D2A-8B41-3285022B08AE}.Release|x64.ActiveCfg = Release|x64
		{75AB4298-563C-4D2A-8B41-3285022B08AE}.Release|x64.Build.0 = Release|x64
		{75AB4298-563C-4D2A-8B41-3285022B08AE}.Release|x64.Deploy.0 = Release|x64
		{75AB4298-563C-4D2A-8B41-3285022B08AE}.Release|x86.ActiveCfg = Release|x86
		{75AB4298-563C-4D2A-8B41-3285022B08AE}.Release|x86.Build.0 = Release|x86
		{75AB4298-563C-4D2A-8B41-3285022B08AE}.Release|x86.Deploy.0 = Release|x86
		{FC659F05-B80F-4AB5-ACF6-73D95B864FA6}.Ad-Hoc|Any CPU.ActiveCfg = Debug|Any CPU
		{FC659F05-B80F-4AB5-ACF6-73D95B864FA6}.Ad-Hoc|Any CPU.Build.0 = Debug|Any CPU
		{FC659F05-B80F-4AB5-ACF6-73D95B864FA6}.Ad-Hoc|Any CPU.Deploy.0 = Debug|Any CPU
		{FC659F05-B80F-4AB5-ACF6-73D95B864FA6}.Ad-Hoc|ARM.ActiveCfg = Debug|Any CPU
		{FC659F05-B80F-4AB5-ACF6-73D95B864FA6}.Ad-Hoc|ARM.Build.0 = Debug|Any CPU
		{FC659F05-B80F-4AB5-ACF6-73D95B864FA6}.Ad-Hoc|ARM.Deploy.0 = Debug|Any CPU
		{FC659F05-B80F-4AB5-ACF6-73D95B864FA6}.Ad-Hoc|iPhone.ActiveCfg = Debug|Any CPU
		{FC659F05-B80F-4AB5-ACF6-73D95B864FA6}.Ad-Hoc|iPhone.Build.0 = Debug|Any CPU
		{FC659F05-B80F-4AB5-ACF6-73D95B864FA6}.Ad-Hoc|iPhone.Deploy.0 = Debug|Any CPU
		{FC659F05-B80F-4AB5-ACF6-73D95B864FA6}.Ad-Hoc|iPhoneSimulator.ActiveCfg = Debug|Any CPU
		{FC659F05-B80F-4AB5-ACF6-73D95B864FA6}.Ad-Hoc|iPhoneSimulator.Build.0 = Debug|Any CPU
		{FC659F05-B80F-4AB5-ACF6-73D95B864FA6}.Ad-Hoc|iPhoneSimulator.Deploy.0 = Debug|Any CPU
		{FC659F05-B80F-4AB5-ACF6-73D95B864FA6}.Ad-Hoc|x64.ActiveCfg = Debug|Any CPU
		{FC659F05-B80F-4AB5-ACF6-73D95B864FA6}.Ad-Hoc|x64.Build.0 = Debug|Any CPU
		{FC659F05-B80F-4AB5-ACF6-73D95B864FA6}.Ad-Hoc|x64.Deploy.0 = Debug|Any CPU
		{FC659F05-B80F-4AB5-ACF6-73D95B864FA6}.Ad-Hoc|x86.ActiveCfg = Debug|Any CPU
		{FC659F05-B80F-4AB5-ACF6-73D95B864FA6}.Ad-Hoc|x86.Build.0 = Debug|Any CPU
		{FC659F05-B80F-4AB5-ACF6-73D95B864FA6}.Ad-Hoc|x86.Deploy.0 = Debug|Any CPU
		{FC659F05-B80F-4AB5-ACF6-73D95B864FA6}.AppStore|Any CPU.ActiveCfg = Debug|Any CPU
		{FC659F05-B80F-4AB5-ACF6-73D95B864FA6}.AppStore|Any CPU.Build.0 = Debug|Any CPU
		{FC659F05-B80F-4AB5-ACF6-73D95B864FA6}.AppStore|Any CPU.Deploy.0 = Debug|Any CPU
		{FC659F05-B80F-4AB5-ACF6-73D95B864FA6}.AppStore|ARM.ActiveCfg = Debug|Any CPU
		{FC659F05-B80F-4AB5-ACF6-73D95B864FA6}.AppStore|ARM.Build.0 = Debug|Any CPU
		{FC659F05-B80F-4AB5-ACF6-73D95B864FA6}.AppStore|ARM.Deploy.0 = Debug|Any CPU
		{FC659F05-B80F-4AB5-ACF6-73D95B864FA6}.AppStore|iPhone.ActiveCfg = Debug|Any CPU
		{FC659F05-B80F-4AB5-ACF6-73D95B864FA6}.AppStore|iPhone.Build.0 = Debug|Any CPU
		{FC659F05-B80F-4AB5-ACF6-73D95B864FA6}.AppStore|iPhone.Deploy.0 = Debug|Any CPU
		{FC659F05-B80F-4AB5-ACF6-73D95B864FA6}.AppStore|iPhoneSimulator.ActiveCfg = Debug|Any CPU
		{FC659F05-B80F-4AB5-ACF6-73D95B864FA6}.AppStore|iPhoneSimulator.Build.0 = Debug|Any CPU
		{FC659F05-B80F-4AB5-ACF6-73D95B864FA6}.AppStore|iPhoneSimulator.Deploy.0 = Debug|Any CPU
		{FC659F05-B80F-4AB5-ACF6-73D95B864FA6}.AppStore|x64.ActiveCfg = Debug|Any CPU
		{FC659F05-B80F-4AB5-ACF6-73D95B864FA6}.AppStore|x64.Build.0 = Debug|Any CPU
		{FC659F05-B80F-4AB5-ACF6-73D95B864FA6}.AppStore|x64.Deploy.0 = Debug|Any CPU
		{FC659F05-B80F-4AB5-ACF6-73D95B864FA6}.AppStore|x86.ActiveCfg = Debug|Any CPU
		{FC659F05-B80F-4AB5-ACF6-73D95B864FA6}.AppStore|x86.Build.0 = Debug|Any CPU
		{FC659F05-B80F-4AB5-ACF6-73D95B864FA6}.AppStore|x86.Deploy.0 = Debug|Any CPU
		{FC659F05-B80F-4AB5-ACF6-73D95B864FA6}.Debug|Any CPU.ActiveCfg = Debug|Any CPU
		{FC659F05-B80F-4AB5-ACF6-73D95B864FA6}.Debug|Any CPU.Build.0 = Debug|Any CPU
		{FC659F05-B80F-4AB5-ACF6-73D95B864FA6}.Debug|Any CPU.Deploy.0 = Debug|Any CPU
		{FC659F05-B80F-4AB5-ACF6-73D95B864FA6}.Debug|ARM.ActiveCfg = Debug|Any CPU
		{FC659F05-B80F-4AB5-ACF6-73D95B864FA6}.Debug|ARM.Build.0 = Debug|Any CPU
		{FC659F05-B80F-4AB5-ACF6-73D95B864FA6}.Debug|ARM.Deploy.0 = Debug|Any CPU
		{FC659F05-B80F-4AB5-ACF6-73D95B864FA6}.Debug|iPhone.ActiveCfg = Debug|Any CPU
		{FC659F05-B80F-4AB5-ACF6-73D95B864FA6}.Debug|iPhone.Build.0 = Debug|Any CPU
		{FC659F05-B80F-4AB5-ACF6-73D95B864FA6}.Debug|iPhone.Deploy.0 = Debug|Any CPU
		{FC659F05-B80F-4AB5-ACF6-73D95B864FA6}.Debug|iPhoneSimulator.ActiveCfg = Debug|Any CPU
		{FC659F05-B80F-4AB5-ACF6-73D95B864FA6}.Debug|iPhoneSimulator.Build.0 = Debug|Any CPU
		{FC659F05-B80F-4AB5-ACF6-73D95B864FA6}.Debug|iPhoneSimulator.Deploy.0 = Debug|Any CPU
		{FC659F05-B80F-4AB5-ACF6-73D95B864FA6}.Debug|x64.ActiveCfg = Debug|Any CPU
		{FC659F05-B80F-4AB5-ACF6-73D95B864FA6}.Debug|x64.Build.0 = Debug|Any CPU
		{FC659F05-B80F-4AB5-ACF6-73D95B864FA6}.Debug|x64.Deploy.0 = Debug|Any CPU
		{FC659F05-B80F-4AB5-ACF6-73D95B864FA6}.Debug|x86.ActiveCfg = Debug|Any CPU
		{FC659F05-B80F-4AB5-ACF6-73D95B864FA6}.Debug|x86.Build.0 = Debug|Any CPU
		{FC659F05-B80F-4AB5-ACF6-73D95B864FA6}.Debug|x86.Deploy.0 = Debug|Any CPU
		{FC659F05-B80F-4AB5-ACF6-73D95B864FA6}.Release|Any CPU.ActiveCfg = Release|Any CPU
		{FC659F05-B80F-4AB5-ACF6-73D95B864FA6}.Release|Any CPU.Build.0 = Release|Any CPU
		{FC659F05-B80F-4AB5-ACF6-73D95B864FA6}.Release|Any CPU.Deploy.0 = Release|Any CPU
		{FC659F05-B80F-4AB5-ACF6-73D95B864FA6}.Release|ARM.ActiveCfg = Release|Any CPU
		{FC659F05-B80F-4AB5-ACF6-73D95B864FA6}.Release|ARM.Build.0 = Release|Any CPU
		{FC659F05-B80F-4AB5-ACF6-73D95B864FA6}.Release|ARM.Deploy.0 = Release|Any CPU
		{FC659F05-B80F-4AB5-ACF6-73D95B864FA6}.Release|iPhone.ActiveCfg = Release|Any CPU
		{FC659F05-B80F-4AB5-ACF6-73D95B864FA6}.Release|iPhone.Build.0 = Release|Any CPU
		{FC659F05-B80F-4AB5-ACF6-73D95B864FA6}.Release|iPhone.Deploy.0 = Release|Any CPU
		{FC659F05-B80F-4AB5-ACF6-73D95B864FA6}.Release|iPhoneSimulator.ActiveCfg = Release|Any CPU
		{FC659F05-B80F-4AB5-ACF6-73D95B864FA6}.Release|iPhoneSimulator.Build.0 = Release|Any CPU
		{FC659F05-B80F-4AB5-ACF6-73D95B864FA6}.Release|iPhoneSimulator.Deploy.0 = Release|Any CPU
		{FC659F05-B80F-4AB5-ACF6-73D95B864FA6}.Release|x64.ActiveCfg = Release|Any CPU
		{FC659F05-B80F-4AB5-ACF6-73D95B864FA6}.Release|x64.Build.0 = Release|Any CPU
		{FC659F05-B80F-4AB5-ACF6-73D95B864FA6}.Release|x64.Deploy.0 = Release|Any CPU
		{FC659F05-B80F-4AB5-ACF6-73D95B864FA6}.Release|x86.ActiveCfg = Release|Any CPU
		{FC659F05-B80F-4AB5-ACF6-73D95B864FA6}.Release|x86.Build.0 = Release|Any CPU
		{FC659F05-B80F-4AB5-ACF6-73D95B864FA6}.Release|x86.Deploy.0 = Release|Any CPU
	EndGlobalSection
	GlobalSection(SolutionProperties) = preSolution
		HideSolutionNode = FALSE
	EndGlobalSection
	GlobalSection(ExtensibilityGlobals) = postSolution
		SolutionGuid = {D65D792D-BC1D-4D96-9252-F80630BF9323}
	EndGlobalSection
EndGlobal
